
Microsoft Visual Studio Solution File, Format Version 12.00
# Visual Studio Version 16
VisualStudioVersion = 16.0.32228.343
MinimumVisualStudioVersion = 10.0.40219.1
Project("{FAE04EC0-301F-11D3-BF4B-00C04F79EFBC}") = "is_aud1", "is_aud1\is_aud1.csproj", "{1073DC9C-06AA-4AA2-ABB3-C7C26291F382}"
EndProject
Global
	GlobalSection(SolutionConfigurationPlatforms) = preSolution
		Debug|Any CPU = Debug|Any CPU
		Release|Any CPU = Release|Any CPU
	EndGlobalSection
	GlobalSection(ProjectConfigurationPlatforms) = postSolution
		{1073DC9C-06AA-4AA2-ABB3-C7C26291F382}.Debug|Any CPU.ActiveCfg = Debug|Any CPU
		{1073DC9C-06AA-4AA2-ABB3-C7C26291F382}.Debug|Any CPU.Build.0 = Debug|Any CPU
		{1073DC9C-06AA-4AA2-ABB3-C7C26291F382}.Release|Any CPU.ActiveCfg = Release|Any CPU
		{1073DC9C-06AA-4AA2-ABB3-C7C26291F382}.Release|Any CPU.Build.0 = Release|Any CPU
	EndGlobalSection
	GlobalSection(SolutionProperties) = preSolution
		HideSolutionNode = FALSE
	EndGlobalSection
	GlobalSection(ExtensibilityGlobals) = postSolution
		SolutionGuid = {18C1692A-D49F-4F80-BD3C-3589623BAC65}
	EndGlobalSection
EndGlobal
